
Microsoft Visual Studio Solution File, Format Version 12.00
# Visual Studio Version 16
VisualStudioVersion = 16.0.32901.82
MinimumVisualStudioVersion = 10.0.40219.1
Project("{FAE04EC0-301F-11D3-BF4B-00C04F79EFBC}") = "WebApplicationDemo", "WebApplicationDemo\WebApplicationDemo.csproj", "{CBD20C19-7186-4507-BADB-DB091393817F}"
EndProject
Global
	GlobalSection(SolutionConfigurationPlatforms) = preSolution
		Debug|Any CPU = Debug|Any CPU
		Release|Any CPU = Release|Any CPU
	EndGlobalSection
	GlobalSection(ProjectConfigurationPlatforms) = postSolution
		{CBD20C19-7186-4507-BADB-DB091393817F}.Debug|Any CPU.ActiveCfg = Debug|Any CPU
		{CBD20C19-7186-4507-BADB-DB091393817F}.Debug|Any CPU.Build.0 = Debug|Any CPU
		{CBD20C19-7186-4507-BADB-DB091393817F}.Release|Any CPU.ActiveCfg = Release|Any CPU
		{CBD20C19-7186-4507-BADB-DB091393817F}.Release|Any CPU.Build.0 = Release|Any CPU
	EndGlobalSection
	GlobalSection(SolutionProperties) = preSolution
		HideSolutionNode = FALSE
	EndGlobalSection
	GlobalSection(ExtensibilityGlobals) = postSolution
		SolutionGuid = {E7C5B54A-1B6C-407F-96A4-59DD821A9994}
	EndGlobalSection
EndGlobal
